
Microsoft Visual Studio Solution File, Format Version 12.00
# Visual Studio 15
VisualStudioVersion = 15.0.28010.2019
MinimumVisualStudioVersion = 10.0.40219.1
Project("{FAE04EC0-301F-11D3-BF4B-00C04F79EFBC}") = "HighestProductOfAdjacentNumbers", "HighestProductOfAdjacentNumbers\HighestProductOfAdjacentNumbers.csproj", "{916C6D91-85E5-4180-9EDD-F7E9CEBFBE0E}"
EndProject
Global
	GlobalSection(SolutionConfigurationPlatforms) = preSolution
		Debug|Any CPU = Debug|Any CPU
		Release|Any CPU = Release|Any CPU
	EndGlobalSection
	GlobalSection(ProjectConfigurationPlatforms) = postSolution
		{916C6D91-85E5-4180-9EDD-F7E9CEBFBE0E}.Debug|Any CPU.ActiveCfg = Debug|Any CPU
		{916C6D91-85E5-4180-9EDD-F7E9CEBFBE0E}.Debug|Any CPU.Build.0 = Debug|Any CPU
		{916C6D91-85E5-4180-9EDD-F7E9CEBFBE0E}.Release|Any CPU.ActiveCfg = Release|Any CPU
		{916C6D91-85E5-4180-9EDD-F7E9CEBFBE0E}.Release|Any CPU.Build.0 = Release|Any CPU
	EndGlobalSection
	GlobalSection(SolutionProperties) = preSolution
		HideSolutionNode = FALSE
	EndGlobalSection
	GlobalSection(ExtensibilityGlobals) = postSolution
		SolutionGuid = {BFB5976F-5CF4-4BE5-BF9D-DA3D85ACB85F}
	EndGlobalSection
EndGlobal
